
Microsoft Visual Studio Solution File, Format Version 12.00
# Visual Studio 2015
Project("{FAE04EC0-301F-11D3-BF4B-00C04F79EFBC}") = "SeniorProject.CSharp.Plugins", "SeniorProject.CSharp.Plugins.csproj", "{53476F2B-9E7C-F717-60BB-CFB7E762AD06}"
EndProject
Project("{FAE04EC0-301F-11D3-BF4B-00C04F79EFBC}") = "SeniorProject.CSharp", "SeniorProject.CSharp.csproj", "{04289D7F-CB6C-D216-AF8C-2F41004546BE}"
EndProject
Global
	GlobalSection(SolutionConfigurationPlatforms) = preSolution
		Debug|Any CPU = Debug|Any CPU
		Release|Any CPU = Release|Any CPU
	EndGlobalSection
	GlobalSection(ProjectConfigurationPlatforms) = postSolution
		{53476F2B-9E7C-F717-60BB-CFB7E762AD06}.Debug|Any CPU.ActiveCfg = Debug|Any CPU
		{53476F2B-9E7C-F717-60BB-CFB7E762AD06}.Debug|Any CPU.Build.0 = Debug|Any CPU
		{53476F2B-9E7C-F717-60BB-CFB7E762AD06}.Release|Any CPU.ActiveCfg = Release|Any CPU
		{53476F2B-9E7C-F717-60BB-CFB7E762AD06}.Release|Any CPU.Build.0 = Release|Any CPU
		{04289D7F-CB6C-D216-AF8C-2F41004546BE}.Debug|Any CPU.ActiveCfg = Debug|Any CPU
		{04289D7F-CB6C-D216-AF8C-2F41004546BE}.Debug|Any CPU.Build.0 = Debug|Any CPU
		{04289D7F-CB6C-D216-AF8C-2F41004546BE}.Release|Any CPU.ActiveCfg = Release|Any CPU
		{04289D7F-CB6C-D216-AF8C-2F41004546BE}.Release|Any CPU.Build.0 = Release|Any CPU
	EndGlobalSection
	GlobalSection(SolutionProperties) = preSolution
		HideSolutionNode = FALSE
	EndGlobalSection
EndGlobal
